// !$*UTF8*$!
{
	archiveVersion = 1;
	classes = {
	};
	objectVersion = 46;
	objects = {

/* Begin PBXBuildFile section */
		5839E8A81E1CF2BF00ED878A /* README.md in Sources */ = {isa = PBXBuildFile; fileRef = 5839E8A71E1CF2BF00ED878A /* README.md */; };
		58D4D1D31E1BF19C00A714B9 /* main.m in Sources */ = {isa = PBXBuildFile; fileRef = 58D4D1D21E1BF19C00A714B9 /* main.m */; };
		58D4D1D61E1BF19C00A714B9 /* AppDelegate.m in Sources */ = {isa = PBXBuildFile; fileRef = 58D4D1D51E1BF19C00A714B9 /* AppDelegate.m */; };
		58D4D1D91E1BF19C00A714B9 /* ViewController.m in Sources */ = {isa = PBXBuildFile; fileRef = 58D4D1D81E1BF19C00A714B9 /* ViewController.m */; };
		58D4D1DC1E1BF19C00A714B9 /* Main.storyboard in Resources */ = {isa = PBXBuildFile; fileRef = 58D4D1DA1E1BF19C00A714B9 /* Main.storyboard */; };
		58D4D1DE1E1BF19C00A714B9 /* Assets.xcassets in Resources */ = {isa = PBXBuildFile; fileRef = 58D4D1DD1E1BF19C00A714B9 /* Assets.xcassets */; };
		58D4D1E11E1BF19C00A714B9 /* LaunchScreen.storyboard in Resources */ = {isa = PBXBuildFile; fileRef = 58D4D1DF1E1BF19C00A714B9 /* LaunchScreen.storyboard */; };
		58D4D1EA1E1BF41B00A714B9 /* DetailViewController.m in Sources */ = {isa = PBXBuildFile; fileRef = 58D4D1E91E1BF41B00A714B9 /* DetailViewController.m */; };
		58D4D1ED1E1BF67900A714B9 /* lorem_ipsum.txt in Resources */ = {isa = PBXBuildFile; fileRef = 58D4D1EC1E1BF67900A714B9 /* lorem_ipsum.txt */; };
		58D4D1F11E1BF7EB00A714B9 /* DismissAnimator.m in Sources */ = {isa = PBXBuildFile; fileRef = 58D4D1F01E1BF7EB00A714B9 /* DismissAnimator.m */; };
		58E24E7C1E1C057E00335C86 /* DismissInteractor.m in Sources */ = {isa = PBXBuildFile; fileRef = 58E24E7B1E1C057E00335C86 /* DismissInteractor.m */; };
		C30A5CFA2235CCB3407B90AE /* libPods-NiceDismissTransition.a in Frameworks */ = {isa = PBXBuildFile; fileRef = A247BBB4AAD667408B17F9B8 /* libPods-NiceDismissTransition.a */; };
/* End PBXBuildFile section */

/* Begin PBXFileReference section */
		3A5E58115AED5B2A1144CCD3 /* Pods-NiceDismissTransition.debug.xcconfig */ = {isa = PBXFileReference; includeInIndex = 1; lastKnownFileType = text.xcconfig; name = "Pods-NiceDismissTransition.debug.xcconfig"; path = "Pods/Target Support Files/Pods-NiceDismissTransition/Pods-NiceDismissTransition.debug.xcconfig"; sourceTree = "<group>"; };
		5839E8A71E1CF2BF00ED878A /* README.md */ = {isa = PBXFileReference; fileEncoding = 4; lastKnownFileType = net.daringfireball.markdown; path = README.md; sourceTree = "<group>"; };
		58D4D1CE1E1BF19C00A714B9 /* NiceDismissTransition.app */ = {isa = PBXFileReference; explicitFileType = wrapper.application; includeInIndex = 0; path = NiceDismissTransition.app; sourceTree = BUILT_PRODUCTS_DIR; };
		58D4D1D21E1BF19C00A714B9 /* main.m */ = {isa = PBXFileReference; lastKnownFileType = sourcecode.c.objc; path = main.m; sourceTree = "<group>"; };
		58D4D1D41E1BF19C00A714B9 /* AppDelegate.h */ = {isa = PBXFileReference; lastKnownFileType = sourcecode.c.h; path = AppDelegate.h; sourceTree = "<group>"; };
		58D4D1D51E1BF19C00A714B9 /* AppDelegate.m */ = {isa = PBXFileReference; lastKnownFileType = sourcecode.c.objc; path = AppDelegate.m; sourceTree = "<group>"; };
		58D4D1D71E1BF19C00A714B9 /* ViewController.h */ = {isa = PBXFileReference; lastKnownFileType = sourcecode.c.h; path = ViewController.h; sourceTree = "<group>"; };
		58D4D1D81E1BF19C00A714B9 /* ViewController.m */ = {isa = PBXFileReference; lastKnownFileType = sourcecode.c.objc; path = ViewController.m; sourceTree = "<group>"; };
		58D4D1DB1E1BF19C00A714B9 /* Base */ = {isa = PBXFileReference; lastKnownFileType = file.storyboard; name = Base; path = Base.lproj/Main.storyboard; sourceTree = "<group>"; };
		58D4D1DD1E1BF19C00A714B9 /* Assets.xcassets */ = {isa = PBXFileReference; lastKnownFileType = folder.assetcatalog; path = Assets.xcassets; sourceTree = "<group>"; };
		58D4D1E01E1BF19C00A714B9 /* Base */ = {isa = PBXFileReference; lastKnownFileType = file.storyboard; name = Base; path = Base.lproj/LaunchScreen.storyboard; sourceTree = "<group>"; };
		58D4D1E21E1BF19C00A714B9 /* Info.plist */ = {isa = PBXFileReference; lastKnownFileType = text.plist.xml; path = Info.plist; sourceTree = "<group>"; };
		58D4D1E81E1BF41B00A714B9 /* DetailViewController.h */ = {isa = PBXFileReference; fileEncoding = 4; lastKnownFileType = sourcecode.c.h; path = DetailViewController.h; sourceTree = "<group>"; };
		58D4D1E91E1BF41B00A714B9 /* DetailViewController.m */ = {isa = PBXFileReference; fileEncoding = 4; lastKnownFileType = sourcecode.c.objc; path = DetailViewController.m; sourceTree = "<group>"; };
		58D4D1EC1E1BF67900A714B9 /* lorem_ipsum.txt */ = {isa = PBXFileReference; fileEncoding = 4; lastKnownFileType = text; path = lorem_ipsum.txt; sourceTree = "<group>"; };
		58D4D1EF1E1BF7EB00A714B9 /* DismissAnimator.h */ = {isa = PBXFileReference; fileEncoding = 4; lastKnownFileType = sourcecode.c.h; path = DismissAnimator.h; sourceTree = "<group>"; };
		58D4D1F01E1BF7EB00A714B9 /* DismissAnimator.m */ = {isa = PBXFileReference; fileEncoding = 4; lastKnownFileType = sourcecode.c.objc; path = DismissAnimator.m; sourceTree = "<group>"; };
		58E24E7A1E1C057E00335C86 /* DismissInteractor.h */ = {isa = PBXFileReference; fileEncoding = 4; lastKnownFileType = sourcecode.c.h; path = DismissInteractor.h; sourceTree = "<group>"; };
		58E24E7B1E1C057E00335C86 /* DismissInteractor.m */ = {isa = PBXFileReference; fileEncoding = 4; lastKnownFileType = sourcecode.c.objc; path = DismissInteractor.m; sourceTree = "<group>"; };
		90FF07A172DCD435C08596BF /* Pods-NiceDismissTransition.release.xcconfig */ = {isa = PBXFileReference; includeInIndex = 1; lastKnownFileType = text.xcconfig; name = "Pods-NiceDismissTransition.release.xcconfig"; path = "Pods/Target Support Files/Pods-NiceDismissTransition/Pods-NiceDismissTransition.release.xcconfig"; sourceTree = "<group>"; };
		A247BBB4AAD667408B17F9B8 /* libPods-NiceDismissTransition.a */ = {isa = PBXFileReference; explicitFileType = archive.ar; includeInIndex = 0; path = "libPods-NiceDismissTransition.a"; sourceTree = BUILT_PRODUCTS_DIR; };
/* End PBXFileReference section */

/* Begin PBXFrameworksBuildPhase section */
		58D4D1CB1E1BF19C00A714B9 /* Frameworks */ = {
			isa = PBXFrameworksBuildPhase;
			buildActionMask = 2147483647;
			files = (
				C30A5CFA2235CCB3407B90AE /* libPods-NiceDismissTransition.a in Frameworks */,
			);
			runOnlyForDeploymentPostprocessing = 0;
		};
/* End PBXFrameworksBuildPhase section */

/* Begin PBXGroup section */
		58D4D1C51E1BF19C00A714B9 = {
			isa = PBXGroup;
			children = (
				5839E8A71E1CF2BF00ED878A /* README.md */,
				58D4D1D01E1BF19C00A714B9 /* NiceDismissTransition */,
				58D4D1CF1E1BF19C00A714B9 /* Products */,
				F2D81A43FBAF83C9F8E814F7 /* Pods */,
				B267FE2F1EC3BC79CE8EAB80 /* Frameworks */,
			);
			sourceTree = "<group>";
		};
		58D4D1CF1E1BF19C00A714B9 /* Products */ = {
			isa = PBXGroup;
			children = (
				58D4D1CE1E1BF19C00A714B9 /* NiceDismissTransition.app */,
			);
			name = Products;
			sourceTree = "<group>";
		};
		58D4D1D01E1BF19C00A714B9 /* NiceDismissTransition */ = {
			isa = PBXGroup;
			children = (
				58D4D1D41E1BF19C00A714B9 /* AppDelegate.h */,
				58D4D1D51E1BF19C00A714B9 /* AppDelegate.m */,
				58D4D1EB1E1BF42700A714B9 /* Controllers */,
				58D4D1DA1E1BF19C00A714B9 /* Main.storyboard */,
				58D4D1DD1E1BF19C00A714B9 /* Assets.xcassets */,
				58D4D1DF1E1BF19C00A714B9 /* LaunchScreen.storyboard */,
				58D4D1E21E1BF19C00A714B9 /* Info.plist */,
				58D4D1D11E1BF19C00A714B9 /* Supporting Files */,
				58D4D1EC1E1BF67900A714B9 /* lorem_ipsum.txt */,
			);
			path = NiceDismissTransition;
			sourceTree = "<group>";
		};
		58D4D1D11E1BF19C00A714B9 /* Supporting Files */ = {
			isa = PBXGroup;
			children = (
				58D4D1D21E1BF19C00A714B9 /* main.m */,
			);
			name = "Supporting Files";
			sourceTree = "<group>";
		};
		58D4D1EB1E1BF42700A714B9 /* Controllers */ = {
			isa = PBXGroup;
			children = (
				58D4D1D71E1BF19C00A714B9 /* ViewController.h */,
				58D4D1D81E1BF19C00A714B9 /* ViewController.m */,
				58D4D1E81E1BF41B00A714B9 /* DetailViewController.h */,
				58D4D1E91E1BF41B00A714B9 /* DetailViewController.m */,
				58D4D1EE1E1BF7D200A714B9 /* DismissAnimator */,
			);
			name = Controllers;
			sourceTree = "<group>";
		};
		58D4D1EE1E1BF7D200A714B9 /* DismissAnimator */ = {
			isa = PBXGroup;
			children = (
				58D4D1EF1E1BF7EB00A714B9 /* DismissAnimator.h */,
				58D4D1F01E1BF7EB00A714B9 /* DismissAnimator.m */,
				58E24E7A1E1C057E00335C86 /* DismissInteractor.h */,
				58E24E7B1E1C057E00335C86 /* DismissInteractor.m */,
			);
			name = DismissAnimator;
			sourceTree = "<group>";
		};
		B267FE2F1EC3BC79CE8EAB80 /* Frameworks */ = {
			isa = PBXGroup;
			children = (
				A247BBB4AAD667408B17F9B8 /* libPods-NiceDismissTransition.a */,
			);
			name = Frameworks;
			sourceTree = "<group>";
		};
		F2D81A43FBAF83C9F8E814F7 /* Pods */ = {
			isa = PBXGroup;
			children = (
				3A5E58115AED5B2A1144CCD3 /* Pods-NiceDismissTransition.debug.xcconfig */,
				90FF07A172DCD435C08596BF /* Pods-NiceDismissTransition.release.xcconfig */,
			);
			name = Pods;
			sourceTree = "<group>";
		};
/* End PBXGroup section */

/* Begin PBXNativeTarget section */
		58D4D1CD1E1BF19C00A714B9 /* NiceDismissTransition */ = {
			isa = PBXNativeTarget;
			buildConfigurationList = 58D4D1E51E1BF19C00A714B9 /* Build configuration list for PBXNativeTarget "NiceDismissTransition" */;
			buildPhases = (
				46778530FB102517036BB69D /* [CP] Check Pods Manifest.lock */,
				58D4D1CA1E1BF19C00A714B9 /* Sources */,
				58D4D1CB1E1BF19C00A714B9 /* Frameworks */,
				58D4D1CC1E1BF19C00A714B9 /* Resources */,
				20513B2F9FC28188B4125827 /* [CP] Embed Pods Frameworks */,
				E3B61509ECE6BA9595EB234E /* [CP] Copy Pods Resources */,
			);
			buildRules = (
			);
			dependencies = (
			);
			name = NiceDismissTransition;
			productName = NiceDismissTransition;
			productReference = 58D4D1CE1E1BF19C00A714B9 /* NiceDismissTransition.app */;
			productType = "com.apple.product-type.application";
		};
/* End PBXNativeTarget section */

/* Begin PBXProject section */
		58D4D1C61E1BF19C00A714B9 /* Project object */ = {
			isa = PBXProject;
			attributes = {
				LastUpgradeCheck = 0820;
				ORGANIZATIONNAME = "David Miotti";
				TargetAttributes = {
					58D4D1CD1E1BF19C00A714B9 = {
						CreatedOnToolsVersion = 8.2;
						DevelopmentTeam = 659B2N7HE9;
						ProvisioningStyle = Automatic;
					};
				};
			};
			buildConfigurationList = 58D4D1C91E1BF19C00A714B9 /* Build configuration list for PBXProject "NiceDismissTransition" */;
			compatibilityVersion = "Xcode 3.2";
			developmentRegion = English;
			hasScannedForEncodings = 0;
			knownRegions = (
				en,
				Base,
			);
			mainGroup = 58D4D1C51E1BF19C00A714B9;
			productRefGroup = 58D4D1CF1E1BF19C00A714B9 /* Products */;
			projectDirPath = "";
			projectRoot = "";
			targets = (
				58D4D1CD1E1BF19C00A714B9 /* NiceDismissTransition */,
			);
		};
/* End PBXProject section */

/* Begin PBXResourcesBuildPhase section */
		58D4D1CC1E1BF19C00A714B9 /* Resources */ = {
			isa = PBXResourcesBuildPhase;
			buildActionMask = 2147483647;
			files = (
				58D4D1E11E1BF19C00A714B9 /* LaunchScreen.storyboard in Resources */,
				58D4D1ED1E1BF67900A714B9 /* lorem_ipsum.txt in Resources */,
				58D4D1DE1E1BF19C00A714B9 /* Assets.xcassets in Resources */,
				58D4D1DC1E1BF19C00A714B9 /* Main.storyboard in Resources */,
			);
			runOnlyForDeploymentPostprocessing = 0;
		};
/* End PBXResourcesBuildPhase section */

/* Begin PBXShellScriptBuildPhase section */
		20513B2F9FC28188B4125827 /* [CP] Embed Pods Frameworks */ = {
			isa = PBXShellScriptBuildPhase;
			buildActionMask = 2147483647;
			files = (
			);
			inputPaths = (
			);
			name = "[CP] Embed Pods Frameworks";
			outputPaths = (
			);
			runOnlyForDeploymentPostprocessing = 0;
			shellPath = /bin/sh;
			shellScript = "\"${SRCROOT}/Pods/Target Support Files/Pods-NiceDismissTransition/Pods-NiceDismissTransition-frameworks.sh\"\n";
			showEnvVarsInLog = 0;
		};
		46778530FB102517036BB69D /* [CP] Check Pods Manifest.lock */ = {
			isa = PBXShellScriptBuildPhase;
			buildActionMask = 2147483647;
			files = (
			);
			inputPaths = (
			);
			name = "[CP] Check Pods Manifest.lock";
			outputPaths = (
			);
			runOnlyForDeploymentPostprocessing = 0;
			shellPath = /bin/sh;
			shellScript = "diff \"${PODS_ROOT}/../Podfile.lock\" \"${PODS_ROOT}/Manifest.lock\" > /dev/null\nif [ $? != 0 ] ; then\n    # print error to STDERR\n    echo \"error: The sandbox is not in sync with the Podfile.lock. Run 'pod install' or update your CocoaPods installation.\" >&2\n    exit 1\nfi\n";
			showEnvVarsInLog = 0;
		};
		E3B61509ECE6BA9595EB234E /* [CP] Copy Pods Resources */ = {
			isa = PBXShellScriptBuildPhase;
			buildActionMask = 2147483647;
			files = (
			);
			inputPaths = (
			);
			name = "[CP] Copy Pods Resources";
			outputPaths = (
			);
			runOnlyForDeploymentPostprocessing = 0;
			shellPath = /bin/sh;
			shellScript = "\"${SRCROOT}/Pods/Target Support Files/Pods-NiceDismissTransition/Pods-NiceDismissTransition-resources.sh\"\n";
			showEnvVarsInLog = 0;
		};
/* End PBXShellScriptBuildPhase section */

/* Begin PBXSourcesBuildPhase section */
		58D4D1CA1E1BF19C00A714B9 /* Sources */ = {
			isa = PBXSourcesBuildPhase;
			buildActionMask = 2147483647;
			files = (
				58D4D1D91E1BF19C00A714B9 /* ViewController.m in Sources */,
				58D4D1D61E1BF19C00A714B9 /* AppDelegate.m in Sources */,
				58D4D1D31E1BF19C00A714B9 /* main.m in Sources */,
				5839E8A81E1CF2BF00ED878A /* README.md in Sources */,
				58D4D1EA1E1BF41B00A714B9 /* DetailViewController.m in Sources */,
				58D4D1F11E1BF7EB00A714B9 /* DismissAnimator.m in Sources */,
				58E24E7C1E1C057E00335C86 /* DismissInteractor.m in Sources */,
			);
			runOnlyForDeploymentPostprocessing = 0;
		};
/* End PBXSourcesBuildPhase section */

/* Begin PBXVariantGroup section */
		58D4D1DA1E1BF19C00A714B9 /* Main.storyboard */ = {
			isa = PBXVariantGroup;
			children = (
				58D4D1DB1E1BF19C00A714B9 /* Base */,
			);
			name = Main.storyboard;
			sourceTree = "<group>";
		};
		58D4D1DF1E1BF19C00A714B9 /* LaunchScreen.storyboard */ = {
			isa = PBXVariantGroup;
			children = (
				58D4D1E01E1BF19C00A714B9 /* Base */,
			);
			name = LaunchScreen.storyboard;
			sourceTree = "<group>";
		};
/* End PBXVariantGroup section */

/* Begin XCBuildConfiguration section */
		58D4D1E31E1BF19C00A714B9 /* Debug */ = {
			isa = XCBuildConfiguration;
			buildSettings = {
				ALWAYS_SEARCH_USER_PATHS = NO;
				CLANG_ANALYZER_NONNULL = YES;
				CLANG_CXX_LANGUAGE_STANDARD = "gnu++0x";
				CLANG_CXX_LIBRARY = "libc++";
				CLANG_ENABLE_MODULES = YES;
				CLANG_ENABLE_OBJC_ARC = YES;
				CLANG_WARN_BOOL_CONVERSION = YES;
				CLANG_WARN_CONSTANT_CONVERSION = YES;
				CLANG_WARN_DIRECT_OBJC_ISA_USAGE = YES_ERROR;
				CLANG_WARN_DOCUMENTATION_COMMENTS = YES;
				CLANG_WARN_EMPTY_BODY = YES;
				CLANG_WARN_ENUM_CONVERSION = YES;
				CLANG_WARN_INFINITE_RECURSION = YES;
				CLANG_WARN_INT_CONVERSION = YES;
				CLANG_WARN_OBJC_ROOT_CLASS = YES_ERROR;
				CLANG_WARN_SUSPICIOUS_MOVE = YES;
				CLANG_WARN_UNREACHABLE_CODE = YES;
				CLANG_WARN__DUPLICATE_METHOD_MATCH = YES;
				"CODE_SIGN_IDENTITY[sdk=iphoneos*]" = "iPhone Developer";
				COPY_PHASE_STRIP = NO;
				DEBUG_INFORMATION_FORMAT = dwarf;
				ENABLE_STRICT_OBJC_MSGSEND = YES;
				ENABLE_TESTABILITY = YES;
				GCC_C_LANGUAGE_STANDARD = gnu99;
				GCC_DYNAMIC_NO_PIC = NO;
				GCC_NO_COMMON_BLOCKS = YES;
				GCC_OPTIMIZATION_LEVEL = 0;
				GCC_PREPROCESSOR_DEFINITIONS = (
					"DEBUG=1",
					"$(inherited)",
				);
				GCC_WARN_64_TO_32_BIT_CONVERSION = YES;
				GCC_WARN_ABOUT_RETURN_TYPE = YES_ERROR;
				GCC_WARN_UNDECLARED_SELECTOR = YES;
				GCC_WARN_UNINITIALIZED_AUTOS = YES_AGGRESSIVE;
				GCC_WARN_UNUSED_FUNCTION = YES;
				GCC_WARN_UNUSED_VARIABLE = YES;
				IPHONEOS_DEPLOYMENT_TARGET = 10.2;
				MTL_ENABLE_DEBUG_INFO = YES;
				ONLY_ACTIVE_ARCH = YES;
				SDKROOT = iphoneos;
				TARGETED_DEVICE_FAMILY = "1,2";
			};
			name = Debug;
		};
		58D4D1E41E1BF19C00A714B9 /* Release */ = {
			isa = XCBuildConfiguration;
			buildSettings = {
				ALWAYS_SEARCH_USER_PATHS = NO;
				CLANG_ANALYZER_NONNULL = YES;
				CLANG_CXX_LANGUAGE_STANDARD = "gnu++0x";
				CLANG_CXX_LIBRARY = "libc++";
				CLANG_ENABLE_MODULES = YES;
				CLANG_ENABLE_OBJC_ARC = YES;
				CLANG_WARN_BOOL_CONVERSION = YES;
				CLANG_WARN_CONSTANT_CONVERSION = YES;
				CLANG_WARN_DIRECT_OBJC_ISA_USAGE = YES_ERROR;
				CLANG_WARN_DOCUMENTATION_COMMENTS = YES;
				CLANG_WARN_EMPTY_BODY = YES;
				CLANG_WARN_ENUM_CONVERSION = YES;
				CLANG_WARN_INFINITE_RECURSION = YES;
				CLANG_WARN_INT_CONVERSION = YES;
				CLANG_WARN_OBJC_ROOT_CLASS = YES_ERROR;
				CLANG_WARN_SUSPICIOUS_MOVE = YES;
				CLANG_WARN_UNREACHABLE_CODE = YES;
				CLANG_WARN__DUPLICATE_METHOD_MATCH = YES;
				"CODE_SIGN_IDENTITY[sdk=iphoneos*]" = "iPhone Developer";
				COPY_PHASE_STRIP = NO;
				DEBUG_INFORMATION_FORMAT = "dwarf-with-dsym";
				ENABLE_NS_ASSERTIONS = NO;
				ENABLE_STRICT_OBJC_MSGSEND = YES;
				GCC_C_LANGUAGE_STANDARD = gnu99;
				GCC_NO_COMMON_BLOCKS = YES;
				GCC_WARN_64_TO_32_BIT_CONVERSION = YES;
				GCC_WARN_ABOUT_RETURN_TYPE = YES_ERROR;
				GCC_WARN_UNDECLARED_SELECTOR = YES;
				GCC_WARN_UNINITIALIZED_AUTOS = YES_AGGRESSIVE;
				GCC_WARN_UNUSED_FUNCTION = YES;
				GCC_WARN_UNUSED_VARIABLE = YES;
				IPHONEOS_DEPLOYMENT_TARGET = 10.2;
				MTL_ENABLE_DEBUG_INFO = NO;
				SDKROOT = iphoneos;
				TARGETED_DEVICE_FAMILY = "1,2";
				VALIDATE_PRODUCT = YES;
			};
			name = Release;
		};
		58D4D1E61E1BF19C00A714B9 /* Debug */ = {
			isa = XCBuildConfiguration;
			baseConfigurationReference = 3A5E58115AED5B2A1144CCD3 /* Pods-NiceDismissTransition.debug.xcconfig */;
			buildSettings = {
				ASSETCATALOG_COMPILER_APPICON_NAME = AppIcon;
				DEVELOPMENT_TEAM = 659B2N7HE9;
				INFOPLIST_FILE = NiceDismissTransition/Info.plist;
				LD_RUNPATH_SEARCH_PATHS = "$(inherited) @executable_path/Frameworks";
				PRODUCT_BUNDLE_IDENTIFIER = com.davidmiotti.NiceDismissTransition;
				PRODUCT_NAME = "$(TARGET_NAME)";
			};
			name = Debug;
		};
		58D4D1E71E1BF19C00A714B9 /* Release */ = {
			isa = XCBuildConfiguration;
			baseConfigurationReference = 90FF07A172DCD435C08596BF /* Pods-NiceDismissTransition.release.xcconfig */;
			buildSettings = {
				ASSETCATALOG_COMPILER_APPICON_NAME = AppIcon;
				DEVELOPMENT_TEAM = 659B2N7HE9;
				INFOPLIST_FILE = NiceDismissTransition/Info.plist;
				LD_RUNPATH_SEARCH_PATHS = "$(inherited) @executable_path/Frameworks";
				PRODUCT_BUNDLE_IDENTIFIER = com.davidmiotti.NiceDismissTransition;
				PRODUCT_NAME = "$(TARGET_NAME)";
			};
			name = Release;
		};
/* End XCBuildConfiguration section */

/* Begin XCConfigurationList section */
		58D4D1C91E1BF19C00A714B9 /* Build configuration list for PBXProject "NiceDismissTransition" */ = {
			isa = XCConfigurationList;
			buildConfigurations = (
				58D4D1E31E1BF19C00A714B9 /* Debug */,
				58D4D1E41E1BF19C00A714B9 /* Release */,
			);
			defaultConfigurationIsVisible = 0;
			defaultConfigurationName = Release;
		};
		58D4D1E51E1BF19C00A714B9 /* Build configuration list for PBXNativeTarget "NiceDismissTransition" */ = {
			isa = XCConfigurationList;
			buildConfigurations = (
				58D4D1E61E1BF19C00A714B9 /* Debug */,
				58D4D1E71E1BF19C00A714B9 /* Release */,
			);
			defaultConfigurationIsVisible = 0;
			defaultConfigurationName = Release;
		};
/* End XCConfigurationList section */
	};
	rootObject = 58D4D1C61E1BF19C00A714B9 /* Project object */;
}
